
Microsoft Visual Studio Solution File, Format Version 12.00
# Visual Studio 15
VisualStudioVersion = 15.0.26124.0
MinimumVisualStudioVersion = 15.0.26124.0
Project("{2150E333-8FDC-42A3-9474-1A3956D46DE8}") = "src", "src", "{E1CC46FC-4D7C-42C0-8F3A-BCB1B45CD459}"
EndProject
Project("{FAE04EC0-301F-11D3-BF4B-00C04F79EFBC}") = "DotNetEnv", "src\DotNetEnv\DotNetEnv.csproj", "{56AE6D80-197D-426C-B4A3-B1F329263B71}"
EndProject
Project("{2150E333-8FDC-42A3-9474-1A3956D46DE8}") = "test", "test", "{DECBE6ED-4F14-424C-BEF1-0B9D45EEDB79}"
EndProject
Project("{FAE04EC0-301F-11D3-BF4B-00C04F79EFBC}") = "DotNetEnv.Tests", "test\DotNetEnv.Tests\DotNetEnv.Tests.csproj", "{062FD47B-69A9-4808-97CA-CF24CD65B0F0}"
EndProject
Project("{FAE04EC0-301F-11D3-BF4B-00C04F79EFBC}") = "DotNetEnv.AspNetCore", "src\DotNetEnv.AspNetCore\DotNetEnv.AspNetCore.csproj", "{0249DFCE-CA3E-4A31-A7B8-991E26DD6BF6}"
EndProject
Global
	GlobalSection(SolutionConfigurationPlatforms) = preSolution
		Debug|Any CPU = Debug|Any CPU
		Debug|x64 = Debug|x64
		Debug|x86 = Debug|x86
		Release|Any CPU = Release|Any CPU
		Release|x64 = Release|x64
		Release|x86 = Release|x86
	EndGlobalSection
	GlobalSection(SolutionProperties) = preSolution
		HideSolutionNode = FALSE
	EndGlobalSection
	GlobalSection(ProjectConfigurationPlatforms) = postSolution
		{56AE6D80-197D-426C-B4A3-B1F329263B71}.Debug|Any CPU.ActiveCfg = Debug|Any CPU
		{56AE6D80-197D-426C-B4A3-B1F329263B71}.Debug|Any CPU.Build.0 = Debug|Any CPU
		{56AE6D80-197D-426C-B4A3-B1F329263B71}.Debug|x64.ActiveCfg = Debug|x64
		{56AE6D80-197D-426C-B4A3-B1F329263B71}.Debug|x64.Build.0 = Debug|x64
		{56AE6D80-197D-426C-B4A3-B1F329263B71}.Debug|x86.ActiveCfg = Debug|x86
		{56AE6D80-197D-426C-B4A3-B1F329263B71}.Debug|x86.Build.0 = Debug|x86
		{56AE6D80-197D-426C-B4A3-B1F329263B71}.Release|Any CPU.ActiveCfg = Release|Any CPU
		{56AE6D80-197D-426C-B4A3-B1F329263B71}.Release|Any CPU.Build.0 = Release|Any CPU
		{56AE6D80-197D-426C-B4A3-B1F329263B71}.Release|x64.ActiveCfg = Release|x64
		{56AE6D80-197D-426C-B4A3-B1F329263B71}.Release|x64.Build.0 = Release|x64
		{56AE6D80-197D-426C-B4A3-B1F329263B71}.Release|x86.ActiveCfg = Release|x86
		{56AE6D80-197D-426C-B4A3-B1F329263B71}.Release|x86.Build.0 = Release|x86
		{062FD47B-69A9-4808-97CA-CF24CD65B0F0}.Debug|Any CPU.ActiveCfg = Debug|Any CPU
		{062FD47B-69A9-4808-97CA-CF24CD65B0F0}.Debug|Any CPU.Build.0 = Debug|Any CPU
		{062FD47B-69A9-4808-97CA-CF24CD65B0F0}.Debug|x64.ActiveCfg = Debug|x64
		{062FD47B-69A9-4808-97CA-CF24CD65B0F0}.Debug|x64.Build.0 = Debug|x64
		{062FD47B-69A9-4808-97CA-CF24CD65B0F0}.Debug|x86.ActiveCfg = Debug|x86
		{062FD47B-69A9-4808-97CA-CF24CD65B0F0}.Debug|x86.Build.0 = Debug|x86
		{062FD47B-69A9-4808-97CA-CF24CD65B0F0}.Release|Any CPU.ActiveCfg = Release|Any CPU
		{062FD47B-69A9-4808-97CA-CF24CD65B0F0}.Release|Any CPU.Build.0 = Release|Any CPU
		{062FD47B-69A9-4808-97CA-CF24CD65B0F0}.Release|x64.ActiveCfg = Release|x64
		{062FD47B-69A9-4808-97CA-CF24CD65B0F0}.Release|x64.Build.0 = Release|x64
		{062FD47B-69A9-4808-97CA-CF24CD65B0F0}.Release|x86.ActiveCfg = Release|x86
		{062FD47B-69A9-4808-97CA-CF24CD65B0F0}.Release|x86.Build.0 = Release|x86
		{0249DFCE-CA3E-4A31-A7B8-991E26DD6BF6}.Debug|Any CPU.ActiveCfg = Debug|Any CPU
		{0249DFCE-CA3E-4A31-A7B8-991E26DD6BF6}.Debug|Any CPU.Build.0 = Debug|Any CPU
		{0249DFCE-CA3E-4A31-A7B8-991E26DD6BF6}.Debug|x64.ActiveCfg = Debug|x64
		{0249DFCE-CA3E-4A31-A7B8-991E26DD6BF6}.Debug|x64.Build.0 = Debug|x64
		{0249DFCE-CA3E-4A31-A7B8-991E26DD6BF6}.Debug|x86.ActiveCfg = Debug|x86
		{0249DFCE-CA3E-4A31-A7B8-991E26DD6BF6}.Debug|x86.Build.0 = Debug|x86
		{0249DFCE-CA3E-4A31-A7B8-991E26DD6BF6}.Release|Any CPU.ActiveCfg = Release|Any CPU
		{0249DFCE-CA3E-4A31-A7B8-991E26DD6BF6}.Release|Any CPU.Build.0 = Release|Any CPU
		{0249DFCE-CA3E-4A31-A7B8-991E26DD6BF6}.Release|x64.ActiveCfg = Release|x64
		{0249DFCE-CA3E-4A31-A7B8-991E26DD6BF6}.Release|x64.Build.0 = Release|x64
		{0249DFCE-CA3E-4A31-A7B8-991E26DD6BF6}.Release|x86.ActiveCfg = Release|x86
		{0249DFCE-CA3E-4A31-A7B8-991E26DD6BF6}.Release|x86.Build.0 = Release|x86
	EndGlobalSection
	GlobalSection(NestedProjects) = preSolution
		{56AE6D80-197D-426C-B4A3-B1F329263B71} = {E1CC46FC-4D7C-42C0-8F3A-BCB1B45CD459}
		{062FD47B-69A9-4808-97CA-CF24CD65B0F0} = {DECBE6ED-4F14-424C-BEF1-0B9D45EEDB79}
		{0249DFCE-CA3E-4A31-A7B8-991E26DD6BF6} = {E1CC46FC-4D7C-42C0-8F3A-BCB1B45CD459}
	EndGlobalSection
EndGlobal
